
Microsoft Visual Studio Solution File, Format Version 12.00
# Visual Studio Version 17
VisualStudioVersion = 17.8.34408.163
MinimumVisualStudioVersion = 10.0.40219.1
Project("{FAE04EC0-301F-11D3-BF4B-00C04F79EFBC}") = "IndividuellUppgiftAPI", "IndividuellUppgiftAPI.csproj", "{B2805B43-31D0-4361-9795-B045D8857C43}"
EndProject
Project("{FAE04EC0-301F-11D3-BF4B-00C04F79EFBC}") = "IndUppClassModels", "..\IndUppClassModels\IndUppClassModels.csproj", "{78715FEB-66DE-4448-AF3C-25209E806B3C}"
EndProject
Global
	GlobalSection(SolutionConfigurationPlatforms) = preSolution
		Debug|Any CPU = Debug|Any CPU
		Release|Any CPU = Release|Any CPU
	EndGlobalSection
	GlobalSection(ProjectConfigurationPlatforms) = postSolution
		{B2805B43-31D0-4361-9795-B045D8857C43}.Debug|Any CPU.ActiveCfg = Debug|Any CPU
		{B2805B43-31D0-4361-9795-B045D8857C43}.Debug|Any CPU.Build.0 = Debug|Any CPU
		{B2805B43-31D0-4361-9795-B045D8857C43}.Release|Any CPU.ActiveCfg = Release|Any CPU
		{B2805B43-31D0-4361-9795-B045D8857C43}.Release|Any CPU.Build.0 = Release|Any CPU
		{78715FEB-66DE-4448-AF3C-25209E806B3C}.Debug|Any CPU.ActiveCfg = Debug|Any CPU
		{78715FEB-66DE-4448-AF3C-25209E806B3C}.Debug|Any CPU.Build.0 = Debug|Any CPU
		{78715FEB-66DE-4448-AF3C-25209E806B3C}.Release|Any CPU.ActiveCfg = Release|Any CPU
		{78715FEB-66DE-4448-AF3C-25209E806B3C}.Release|Any CPU.Build.0 = Release|Any CPU
	EndGlobalSection
	GlobalSection(SolutionProperties) = preSolution
		HideSolutionNode = FALSE
	EndGlobalSection
	GlobalSection(ExtensibilityGlobals) = postSolution
		SolutionGuid = {C1B509B1-4450-4D59-92DB-215EF55F0EB3}
	EndGlobalSection
EndGlobal
